version = 1
revision = 3
requires-python = ">=3.11, <3.13"

[[package]]
name = "certifi"
version = "2026.7.22"
source = { registry = "https://pypi.org/simple" }
sdist = { url = "https://files.pythonhosted.org/packages/a3/c2/24167ea9858356b47a87a50d39908bfdb72ceeefe0041586e704e5376b3a/certifi-2026.7.22.tar.gz", hash = "sha256:741e2c3b351ddf169a738da9f2c048608ff7f2c5cc02f1ebc6b118bb090d5d55", size = 138112, upload-time = "2026-07-22T03:35:12.644Z" }
wheels = [
    { url = "https://files.pythonhosted.org/packages/0b/a7/71ac2cff56fec219ed242bb11b8efb69fcc4bec75db06fb7bfe35de520e6/certifi-2026.7.22-py3-none-any.whl", hash = "sha256:62f22742b58a1a33014a2b6b706588a8d7e2a88ae7bd1a6ebe8c992928483775", size = 136983, upload-time = "2026-07-22T03:35:11.276Z" },
]

[[package]]
name = "docopt"
version = "0.6.2"
source = { registry = "https://pypi.org/simple" }
sdist = { url = "https://files.pythonhosted.org/packages/a2/55/8f8cab2afd404cf578136ef2cc5dfb50baa1761b68c9da1fb1e4eed343c9/docopt-0.6.2.tar.gz", hash = "sha256:49b3a825280bd66b3aa83585ef59c4a8c82f2c8a522dbe754a8bc8d08c85c491", size = 25901, upload-time = "2014-06-16T11:18:57.406Z" }

[[package]]
name = "kaldialign"
version = "0.12.0"
source = { registry = "https://pypi.org/simple" }
sdist = { url = "https://files.pythonhosted.org/packages/b0/58/bd83457ab1f4296cb48da2057330fd669e14d0139353d87f9c138fc055af/kaldialign-0.12.0.tar.gz", hash = "sha256:f25743ef7dcf15716c5ac47e164dd7191cab791196a78c27cff6a99c253e1a14", size = 31415, upload-time = "2026-06-15T13:16:40.7Z" }
wheels = [
    { url = "https://files.pythonhosted.org/packages/5a/0a/8ab4e2d67477f99933d6223e895e9183c5dc03e998aece770b43ffd4996d/kaldialign-0.12.0-cp311-cp311-macosx_10_9_universal2.whl", hash = "sha256:188b7a5b267ee1435332c42a9862065b28ac72d74f883a58b2263d330dab1623", size = 165066, upload-time = "2026-06-15T13:16:32.139Z" },
    { url = "https://files.pythonhosted.org/packages/db/fe/3aced2daa28ab585e99b99c6503a5ad2423dfdfbb01591ea7b6c74ba5012/kaldialign-0.12.0-cp311-cp311-manylinux_2_24_aarch64.manylinux_2_28_aarch64.whl", hash = "sha256:cb94f376bc851b32862b5e33f4ac948b8e0627e082ec6bf42611ca87564c19de", size = 99681, upload-time = "2026-06-15T13:17:01.06Z" },
    { url = "https://files.pythonhosted.org/packages/c6/df/8cab4ce97fe3f9654da1ca7e43a20b98de38491bb7aa4265e716aaa9450b/kaldialign-0.12.0-cp311-cp311-manylinux_2_24_x86_64.manylinux_2_28_x86_64.whl", hash = "sha256:0703057b1b8a5e46f58182d31729681ed0ce0a8fb4fcb5555f36cac39805d2b6", size = 110009, upload-time = "2026-06-15T13:16:57.525Z" },
    { url = "https://files.pythonhosted.org/packages/7c/4a/5936568cb05d2e094f6cf1d3a5a555f21fc5331dd652d2e535808d4ca945/kaldialign-0.12.0-cp311-cp311-win32.whl", hash = "sha256:5445131a5d6a4c0eb347ec88a230bcdc161e29260d2e471e353c64d3bb900df1", size = 87166, upload-time = "2026-06-15T13:18:40.896Z" },
    { url = "https://files.pythonhosted.org/packages/0a/8e/b9f55ddae2065782f35a2eb069d5031eddbac402413796ec9600125b31b1/kaldialign-0.12.0-cp311-cp311-win_amd64.whl", hash = "sha256:e01b1165c082dd35e3953eaaf28d648db0e174b98e8c378a9db18cb461f312ac", size = 104531, upload-time = "2026-06-15T13:19:14.584Z" },
    { url = "https://files.pythonhosted.org/packages/8a/cd/f7c852333a77887ce9166415512d19da329c4896ec0a16127b250c20fd5e/kaldialign-0.12.0-cp312-cp312-macosx_10_13_universal2.whl", hash = "sha256:3a4f914f4971d20784710944a965de5ce0d1aa1ce26934767c0aee95194e0d98", size = 166411, upload-time = "2026-06-15T13:16:45.578Z" },
    { url = "https://files.pythonhosted.org/packages/35/c9/a01c036b6e0afef2139bcc3088d3ce9fbad111864457c89ac059b8fbaee4/kaldialign-0.12.0-cp312-cp312-manylinux_2_24_aarch64.manylinux_2_28_aarch64.whl", hash = "sha256:62694144a5e0ae086910bd979bc6b99b36c97a4276614bd28b5b06fed133abbf", size = 99987, upload-time = "2026-06-15T13:18:05.331Z" },
    { url = "https://files.pythonhosted.org/packages/d0/00/77885350408ef2ec6281cafd3dfbec099c25893d502bcc7ac819637309c5/kaldialign-0.12.0-cp312-cp312-manylinux_2_24_x86_64.manylinux_2_28_x86_64.whl", hash = "sha256:8189d32046b3a865b6f147662620feba736580b5424368164c6a7bc927d3e0a8", size = 110985, upload-time = "2026-06-15T13:16:46.189Z" },
    { url = "https://files.pythonhosted.org/packages/d2/80/76d5d591148178ec61cd20984f2fdb93966f10977af57392f8bfcafa67a9/kaldialign-0.12.0-cp312-cp312-win32.whl", hash = "sha256:05e89ee7e23bd32194ae743350e366ab4bc6b950ab9daaea82a1d9deb72c0d5c", size = 87504, upload-time = "2026-06-15T13:18:34.43Z" },
    { url = "https://files.pythonhosted.org/packages/a7/fa/c66f86ef6bc33d7d5e8421d66fa22cd14f0d473a3712178268b158ec32ae/kaldialign-0.12.0-cp312-cp312-win_amd64.whl", hash = "sha256:3d73acaf8d90c13d3cc58e6ed5a07973b75914d480051ad26b4b48245b6a8005", size = 106123, upload-time = "2026-06-15T13:18:39.352Z" },
]

[[package]]
name = "num2words"
version = "0.5.14"
source = { registry = "https://pypi.org/simple" }
dependencies = [
    { name = "docopt" },
]
sdist = { url = "https://files.pythonhosted.org/packages/f6/58/ad645bd38b4b648eb2fc2ba1b909398e54eb0cbb6a7dbd2b4953e38c9621/num2words-0.5.14.tar.gz", hash = "sha256:b066ec18e56b6616a3b38086b5747daafbaa8868b226a36127e0451c0cf379c6", size = 218213, upload-time = "2024-12-17T20:17:10.191Z" }
wheels = [
    { url = "https://files.pythonhosted.org/packages/d6/5b/545e9267a1cc080c8a1be2746113a063e34bcdd0f5173fd665a5c13cb234/num2words-0.5.14-py3-none-any.whl", hash = "sha256:1c8e5b00142fc2966fd8d685001e36c4a9911e070d1b120e1beb721fa1edb33d", size = 163525, upload-time = "2024-12-17T20:17:06.074Z" },
]

[[package]]
name = "orukeet-lab-bench"
version = "0.1.0"
source = { virtual = "." }
dependencies = [
    { name = "certifi" },
    { name = "kaldialign" },
    { name = "num2words" },
    { name = "rapidfuzz" },
    { name = "regex" },
]

[package.metadata]
requires-dist = [
    { name = "certifi", specifier = ">=2025.1.31" },
    { name = "kaldialign", specifier = "==0.12.0" },
    { name = "num2words", specifier = "==0.5.14" },
    { name = "rapidfuzz", specifier = "==3.14.6" },
    { name = "regex", specifier = "==2026.9.3" },
]

[[package]]
name = "rapidfuzz"
version = "3.14.6"
source = { registry = "https://pypi.org/simple" }
sdist = { url = "https://files.pythonhosted.org/packages/18/97/226c43b7b5d957bc3840ed52ea99eed261f99834c4619be7a4742cbaeafa/rapidfuzz-3.14.6.tar.gz", hash = "sha256:e13a8160d017b499ec7a2fa9d0ce1ae2e7377080815785819f966fb235d4eb60", size = 57955060, upload-time = "2026-08-30T21:45:51.097Z" }
wheels = [
    { url = "https://files.pythonhosted.org/packages/4c/09/144d6fcd84fadb124d282f727d197a92dc48ae279e80d4b7d23795ba164d/rapidfuzz-3.14.6-cp311-cp311-macosx_10_9_x86_64.whl", hash = "sha256:1c0dd0d765184366b6e213a8af3b0b3bb39dad27943bbfb193515d4ff96ac82a", size = 1975267, upload-time = "2026-08-30T21:41:54.195Z" },
    { url = "https://files.pythonhosted.org/packages/b9/8f/17985248f0f651a518b543f802fa706b7810cbe96a434a5a9dc24f99b7d2/rapidfuzz-3.14.6-cp311-cp311-macosx_11_0_arm64.whl", hash = "sha256:0c61cade182f130c9903231946bd1074539121721693a918e7b70382ae802bd8", size = 1246874, upload-time = "2026-08-30T21:41:57.063Z" },
    { url = "https://files.pythonhosted.org/packages/de/8f/9cf3b552bb84911add3c86e014e8704d20ea4e274295686106dc010356ae/rapidfuzz-3.14.6-cp311-cp311-manylinux_2_26_aarch64.manylinux_2_28_aarch64.whl", hash = "sha256:3781cf14f9fc933d7198c2b25a8bbbd1a62b752746d5cd26de14957edc0e802f", size = 1394531, upload-time = "2026-08-30T21:41:58.745Z" },
    { url = "https://files.pythonhosted.org/packages/e3/7f/c4824d855cb1f89f8db0802b7ae22705187be55e0ab2f9873b574a0a6713/rapidfuzz-3.14.6-cp311-cp311-manylinux_2_26_ppc64le.manylinux_2_28_ppc64le.whl", hash = "sha256:71a5bbfd00da1963f27dd1432068929694cf0e00007ae2b9c1ad2a187ec29a16", size = 1702106, upload-time = "2026-08-30T21:42:00.398Z" },
    { url = "https://files.pythonhosted.org/packages/9f/ff/556d3aefbd1f115fcda6bdf3ea578405fcaa44c233b525fda583943f3692/rapidfuzz-3.14.6-cp311-cp311-manylinux_2_26_s390x.manylinux_2_28_s390x.whl", hash = "sha256:eabaf06ca4896c59cfd9162480f0d37a15a2304ce2efe83ae2bbcfa1cf13534e", size = 2735203, upload-time = "2026-08-30T21:42:02.115Z" },
    { url = "https://files.pythonhosted.org/packages/11/ae/a781ec62825990319483c82ef962b509e9ce22a67a9f97d63d70b2b175b9/rapidfuzz-3.14.6-cp311-cp311-manylinux_2_27_x86_64.manylinux_2_28_x86_64.whl", hash = "sha256:3d5d90bae3c6fb7ea34da968c9f23070e8440edb827a28b242580e0108110b14", size = 3180952, upload-time = "2026-08-30T21:42:03.918Z" },
    { url = "https://files.pythonhosted.org/packages/d9/cc/a8cdeaa64db2e914f3475551b19ea2a6187b5458b50eac707e10f1bcf9d7/rapidfuzz-3.14.6-cp311-cp311-manylinux_2_39_riscv64.whl", hash = "sha256:d6b58daadbe6974884ec39aee30cfb8bd2e126f8d03503f0069f70d5e84656a3", size = 1485205, upload-time = "2026-08-30T21:42:05.659Z" },
    { url = "https://files.pythonhosted.org/packages/09/4e/6394e8d79088124bf39a8103ac2ae166a3f62ffc67b51c4e869dfe38b6d1/rapidfuzz-3.14.6-cp311-cp311-musllinux_1_2_aarch64.whl", hash = "sha256:ab4386ef7c2cb3e5eb46e815be49715dfcd301bb9f0a431f18da7aa0007de54f", size = 2415347, upload-time = "2026-08-30T21:42:07.847Z" },
    { url = "https://files.pythonhosted.org/packages/f0/2e/92acf13a03c45884aabe9d637c620f5b7806e56bd6f6f8d8016f95614722/rapidfuzz-3.14.6-cp311-cp311-musllinux_1_2_ppc64le.whl", hash = "sha256:33a2f7faedaa3608c4876c41b448fc786d54e6cd7c6e732f7de466319b5a73c2", size = 2819438, upload-time = "2026-08-30T21:42:09.788Z" },
    { url = "https://files.pythonhosted.org/packages/95/54/3ed4286d9ebf0b623b021970a46d7befa053dd09c85cd213bfb2ad2a0bbc/rapidfuzz-3.14.6-cp311-cp311-musllinux_1_2_riscv64.whl", hash = "sha256:adb160a100f6122aa45c78d686e198da3f9e815d4182e0c4fe730608479f7f9c", size = 2521065, upload-time = "2026-08-30T21:42:11.923Z" },
    { url = "https://files.pythonhosted.org/packages/6a/ff/ae8ecf60ce25eab3accfe5a0c9ba6499b02c5e2ab03ee9defdf5475eb4e7/rapidfuzz-3.14.6-cp311-cp311-musllinux_1_2_s390x.whl", hash = "sha256:ad60297c001d15af24338440bca85dfee8710e9e3222733c906b33e89d986166", size = 3319384, upload-time = "2026-08-30T21:42:14.191Z" },
    { url = "https://files.pythonhosted.org/packages/4a/1d/d39dfc6cdc5c1d0452d4af563c678f2d5821f0df306bc3ab9502f3555690/rapidfuzz-3.14.6-cp311-cp311-musllinux_1_2_x86_64.whl", hash = "sha256:3d5b1cfa67bbe6239a643bca1d986f8a07e0a045286c674946e1648c132baa46", size = 4297470, upload-time = "2026-08-30T21:42:16.667Z" },
    { url = "https://files.pythonhosted.org/packages/1b/f6/0a64983c5cf5b2ce8cf2ce4fc54ecd6b5ee6cd6a3af8b870657f28e31a07/rapidfuzz-3.14.6-cp311-cp311-win32.whl", hash = "sha256:46ddb42af4cad3ac9d5e0c97ee1e687500c529a1ad5cbf9c949ce35f6edd4537", size = 1902086, upload-time = "2026-08-30T21:42:18.576Z" },
    { url = "https://files.pythonhosted.org/packages/41/72/638db21d63041ba17c4ed482a8cd1fe6dc4d90bc84b2a28aaccc2611ff84/rapidfuzz-3.14.6-cp311-cp311-win_amd64.whl", hash = "sha256:737a57cbca3e5c16decac86e205727bcd4b99c52f77c48bb44123078c5cd9a7a", size = 1738042, upload-time = "2026-08-30T21:42:20.427Z" },
    { url = "https://files.pythonhosted.org/packages/10/f7/d0fb82451c1f0c701a742939120b32a092ac64bbacf8bf8fa21d61fc89e7/rapidfuzz-3.14.6-cp311-cp311-win_arm64.whl", hash = "sha256:19c1cda8198cc57ffd4ff69a1c02cbe4297e9ca7b506bca03ec584da0a9fe1ff", size = 1190829, upload-time = "2026-08-30T21:42:22.322Z" },
    { url = "https://files.pythonhosted.org/packages/03/d2/5a7646b185a61400220e4783d23461c1e864a9ee82ba443b18c218e2364b/rapidfuzz-3.14.6-cp312-cp312-macosx_10_13_x86_64.whl", hash = "sha256:b46cecf27025e7a934332ade033e6a394da8a493f19fa1d835e3b2968a4ff7da", size = 1965178, upload-time = "2026-08-30T21:42:24.164Z" },
    { url = "https://files.pythonhosted.org/packages/8b/72/10fc4e414eeed7963e2f1c315c731cb68196f0478cb244c78a21f5ce8662/rapidfuzz-3.14.6-cp312-cp312-macosx_11_0_arm64.whl", hash = "sha256:1901414b135afb1a7f4b1ef940b95523b49cc5642aecf02af740f37567e98137", size = 1248230, upload-time = "2026-08-30T21:42:26.088Z" },
    { url = "https://files.pythonhosted.org/packages/39/e9/0794043c1a0af09cacdbb6a9e8b9b2079cdf73337e7c29b4a9f117415bb9/rapidfuzz-3.14.6-cp312-cp312-manylinux_2_26_aarch64.manylinux_2_28_aarch64.whl", hash = "sha256:96a548979cd939b2c69358a0f5088a408524fbf7454f04bf90939fa971e64310", size = 1380396, upload-time = "2026-08-30T21:42:27.97Z" },
    { url = "https://files.pythonhosted.org/packages/2f/73/9218cf4424ab86260ee88ebdb612c5ed4d9bfd6b6d1e2f3c3bf4599d13bf/rapidfuzz-3.14.6-cp312-cp312-manylinux_2_26_ppc64le.manylinux_2_28_ppc64le.whl", hash = "sha256:b22ef7e5e2341efc6216b666491022027b984e5aef93446064742f43f3c1d926", size = 1674037, upload-time = "2026-08-30T21:42:29.754Z" },
    { url = "https://files.pythonhosted.org/packages/a1/f5/bad528b6dfc608a48838508f270c79332ab05592703c9a46504ba95e9eab/rapidfuzz-3.14.6-cp312-cp312-manylinux_2_26_s390x.manylinux_2_28_s390x.whl", hash = "sha256:f0d2d95c787d812b9106cfbcb94ad37a49f59df9287e00a75eb61afc246e8759", size = 2722897, upload-time = "2026-08-30T21:42:31.737Z" },
    { url = "https://files.pythonhosted.org/packages/13/da/49ab137f788a0e03e872d4c6b3d5c9c6c6bed4e4ccea381f69c4d186341b/rapidfuzz-3.14.6-cp312-cp312-manylinux_2_27_x86_64.manylinux_2_28_x86_64.whl", hash = "sha256:0debb5f43662ea84d2f0228a0c7407ff647f9c3d13f3b692efff0cde46eebce0", size = 3168023, upload-time = "2026-08-30T21:42:33.663Z" },
    { url = "https://files.pythonhosted.org/packages/59/33/81ca664a15194b8b4a7e863b534e36c057724f9709c7781e9400d0edf024/rapidfuzz-3.14.6-cp312-cp312-manylinux_2_39_riscv64.whl", hash = "sha256:1d253e1fe44648242a0029b42ba23adf238ed2a7eb3d8ed0a03731a23f074ae0", size = 1474666, upload-time = "2026-08-30T21:42:35.5Z" },
    { url = "https://files.pythonhosted.org/packages/87/eb/b16f9f8cc255c8dc7c0d7712aa7e7c12a6fd85c8b2b56665f2a24222a941/rapidfuzz-3.14.6-cp312-cp312-musllinux_1_2_aarch64.whl", hash = "sha256:e06c6050c9bf6cd72305e3e6a293918b2b92cf2a067007585a53898624902e3c", size = 2402289, upload-time = "2026-08-30T21:42:37.309Z" },
    { url = "https://files.pythonhosted.org/packages/4a/73/eaa1ca89f6ab12c0fe7f943226ce4ad1d2c67eb281dfd706279771fcff5a/rapidfuzz-3.14.6-cp312-cp312-musllinux_1_2_ppc64le.whl", hash = "sha256:d85a6e9180e53cde95c95dfeb05a2ac94ead4d9d803a8fd186d2719a678b8483", size = 2788332, upload-time = "2026-08-30T21:42:39.412Z" },
    { url = "https://files.pythonhosted.org/packages/5d/ad/db927fbe23f621dd292a6332a19822703084617c0281a88156a8c138d4e0/rapidfuzz-3.14.6-cp312-cp312-musllinux_1_2_riscv64.whl", hash = "sha256:35db2670f69fa3a4eb4741055581477ff92f2cf39e7e06f43ebcb97c2192fe7c", size = 2510540, upload-time = "2026-08-30T21:42:41.629Z" },
    { url = "https://files.pythonhosted.org/packages/2d/b2/8e9012968fab837babe1292edcbe1c972605f5b3af19c7fcac2ded731d39/rapidfuzz-3.14.6-cp312-cp312-musllinux_1_2_s390x.whl", hash = "sha256:f9d93e5424d1e4c103b57906b8beba270e680afda3ffdff7ea3bc6173b37083c", size = 3299876, upload-time = "2026-08-30T21:42:43.803Z" },
    { url = "https://files.pythonhosted.org/packages/19/99/799ce99328ea97fe5d7510048ffea148b8ad4a838366f908691be52342a5/rapidfuzz-3.14.6-cp312-cp312-musllinux_1_2_x86_64.whl", hash = "sha256:f9b0a501f37fb852c54469375baa25874246b3bbc8b6e21fb4cd186a32335868", size = 4277032, upload-time = "2026-08-30T21:42:46.08Z" },
    { url = "https://files.pythonhosted.org/packages/07/8a/995b4746c5bc1f561e64de1fa546927183fec7a369fe988716ef394a6d0a/rapidfuzz-3.14.6-cp312-cp312-win32.whl", hash = "sha256:9e974251a9833791bc557b46f975676a56c2d58946f795cd2964b095496dfdcc", size = 1887051, upload-time = "2026-08-30T21:42:48.265Z" },
    { url = "https://files.pythonhosted.org/packages/84/c4/12f01df5778227c8655fcd9b429fc001d43270f5d8d154edc9066bab1de3/rapidfuzz-3.14.6-cp312-cp312-win_amd64.whl", hash = "sha256:cfca36e4612208875e08611a779164b6cb8900ab8bbd3d82d4cfdfae9efbfac9", size = 1731992, upload-time = "2026-08-30T21:42:50.211Z" },
    { url = "https://files.pythonhosted.org/packages/19/8d/92217f0bc81ec458b4134ad53714b1be0cd3be21494227d73510b06467d6/rapidfuzz-3.14.6-cp312-cp312-win_arm64.whl", hash = "sha256:96bbd5a1c67d135334d02fae74f1d933fdda204ea03d544a59dab6b1cbfbf565", size = 1186693, upload-time = "2026-08-30T21:42:52.63Z" },
    { url = "https://files.pythonhosted.org/packages/08/9a/7d4949406e2d391e160ead12036bba05e7c90e09bba77a782d33e7e6a1b0/rapidfuzz-3.14.6-pp311-pypy311_pp73-macosx_10_15_x86_64.whl", hash = "sha256:0844066900cdc9909ce4ab4fb5ba1d8e0c021252d770f2ea476f3443df1d22ef", size = 1912210, upload-time = "2026-08-30T21:45:33.653Z" },
    { url = "https://files.pythonhosted.org/packages/7c/00/a1a077f5cf90c9fa13b28c721f931529ad02748d418d7750590a388832a9/rapidfuzz-3.14.6-pp311-pypy311_pp73-macosx_11_0_arm64.whl", hash = "sha256:1398bd2c197b79bfc40b615999fd3599dc60265fdd5b59edc18156ae048c4cde", size = 1209219, upload-time = "2026-08-30T21:45:36.035Z" },
    { url = "https://files.pythonhosted.org/packages/48/69/a573c2e5e1b1a4f19e98a8fb3f6a792a44f5b8a067895a2654890ffd35a4/rapidfuzz-3.14.6-pp311-pypy311_pp73-manylinux_2_26_aarch64.manylinux_2_28_aarch64.whl", hash = "sha256:e2fc748d1fde4109e5d0dab27f1e61f53b3136a235dfee5a4fb579da44808b6a", size = 1361237, upload-time = "2026-08-30T21:45:38.582Z" },
    { url = "https://files.pythonhosted.org/packages/ea/0b/375ebdfc4ca149e23793bb6b72461954ec64d0acbb826030787e88b90ff3/rapidfuzz-3.14.6-pp311-pypy311_pp73-manylinux_2_27_x86_64.manylinux_2_28_x86_64.whl", hash = "sha256:b42536675c930cb76b7998bfc4d8e59cb35d8df47f2103020265743b6b2ccd2a", size = 3136631, upload-time = "2026-08-30T21:45:41.426Z" },
    { url = "https://files.pythonhosted.org/packages/55/56/799accc99532ecaaa2c1d04c7e594d6bb8f1afdddc327389c61196741cb8/rapidfuzz-3.14.6-pp311-pypy311_pp73-win_amd64.whl", hash = "sha256:1e6911e3a14971719ddc35af98f181d2e5369ab273a5a3488ab7685d23c31ad5", size = 1722739, upload-time = "2026-08-30T21:45:44.301Z" },
]

[[package]]
name = "regex"
version = "2026.9.3"
source = { registry = "https://pypi.org/simple" }
sdist = { url = "https://files.pythonhosted.org/packages/19/c1/6b30b775c7bcc6cf6506a4d4741c2123e8d99cd50f3fe8cbd731f5fef526/regex-2026.9.3.tar.gz", hash = "sha256:aabd43208e335f4c3f0b56de3464b066dd425983a58f6eeb5738bcd7465403db", size = 416720, upload-time = "2026-09-01T00:53:43.821Z" }
wheels = [
    { url = "https://files.pythonhosted.org/packages/db/fc/b4ff5d9550796f9f955b6c2470f37e2b582ec944638f3004499929a69c96/regex-2026.9.3-cp311-cp311-macosx_10_9_universal2.whl", hash = "sha256:6fe39780de6916ecb1c664eda81802e6310fd9d4a07dccb13a86b63918e00e65", size = 493967, upload-time = "2026-09-01T00:50:00.23Z" },
    { url = "https://files.pythonhosted.org/packages/49/6b/ab60a24883b810a4b29065540f56e6f72590bb97d704d7e0ee7bcd2ba98c/regex-2026.9.3-cp311-cp311-macosx_10_9_x86_64.whl", hash = "sha256:3d75065d9f6ed1afb2a41588def408cf442cee65b3651cbd7e86650146127bb4", size = 295227, upload-time = "2026-09-01T00:50:01.804Z" },
    { url = "https://files.pythonhosted.org/packages/6c/e6/e3bf61522cd82eda85a90dd8f69c839f0ce1da64dc6e87f803bb79267c59/regex-2026.9.3-cp311-cp311-macosx_11_0_arm64.whl", hash = "sha256:5dd356a646fe549d42b766cb9075b54eccd3f20604d87a3eff25f1430bba5b2e", size = 290639, upload-time = "2026-09-01T00:50:03.244Z" },
    { url = "https://files.pythonhosted.org/packages/b1/b2/e8492b054c5c9fe09bc0aefdc308b8f845ec2094b1ae779accec8f14dedb/regex-2026.9.3-cp311-cp311-manylinux2014_aarch64.manylinux_2_17_aarch64.manylinux_2_28_aarch64.whl", hash = "sha256:90aa2a7f9cc1cd2e8082db61618a2ed0f4197eef52266a6420e88277f184e328", size = 791712, upload-time = "2026-09-01T00:50:05.539Z" },
    { url = "https://files.pythonhosted.org/packages/48/03/429ee3479bb438f7b2b41147fa68d63a7ef9c7486fcd3960e04e61133cf3/regex-2026.9.3-cp311-cp311-manylinux2014_ppc64le.manylinux_2_17_ppc64le.manylinux_2_28_ppc64le.whl", hash = "sha256:1f975a75dae06e88665e4a709873d936a7e8f9445e3d354b75de0e735d28cf71", size = 861711, upload-time = "2026-09-01T00:50:06.988Z" },
    { url = "https://files.pythonhosted.org/packages/cb/9e/6ebf3cec538ed49d0a4cf5729129fe39580ddfa80c1c59c4274651762202/regex-2026.9.3-cp311-cp311-manylinux2014_s390x.manylinux_2_17_s390x.manylinux_2_28_s390x.whl", hash = "sha256:d1d52739de118acf82bfbaf7046955ead4fb613d24ba4187be565cd91ff9a64e", size = 905894, upload-time = "2026-09-01T00:50:08.437Z" },
    { url = "https://files.pythonhosted.org/packages/19/e4/a7bb1e4038a170714c824dc7c739f8b911cb1172f87ab950be39e0691f95/regex-2026.9.3-cp311-cp311-manylinux2014_x86_64.manylinux_2_17_x86_64.manylinux_2_28_x86_64.whl", hash = "sha256:99034ec353c973e2c89555866083491b9a2dbe81f2fbe15fb0f2b68506232f01", size = 801135, upload-time = "2026-09-01T00:50:10.308Z" },
    { url = "https://files.pythonhosted.org/packages/bd/47/1b318fb249d5fa3dcb0375ad284d34155f0da4a2fe92c8f01edef0cb0258/regex-2026.9.3-cp311-cp311-manylinux_2_31_riscv64.manylinux_2_39_riscv64.whl", hash = "sha256:3cc1a82779315f7b2a4642d5028b39057838cd4c0415744d4e53c8b512352141", size = 773578, upload-time = "2026-09-01T00:50:12.125Z" },
    { url = "https://files.pythonhosted.org/packages/a6/16/63f2644a0a3e92623f83ccadd04873916f5b650e2028bc44ee9df104a839/regex-2026.9.3-cp311-cp311-musllinux_1_2_aarch64.whl", hash = "sha256:c0ea77435b1d5a27cccf27f8762f50e73fd2d94e8e412a8e5cdedb650b36d5fc", size = 783915, upload-time = "2026-09-01T00:50:14.081Z" },
    { url = "https://files.pythonhosted.org/packages/ca/f2/f078963d1dbd3632f6e25f7d972cc9a9332649ed239995bfeb403cf88a3b/regex-2026.9.3-cp311-cp311-musllinux_1_2_ppc64le.whl", hash = "sha256:6c997a1703401089bc02d731e360127428fb4ecdf6524268e8975882ff02528b", size = 854924, upload-time = "2026-09-01T00:50:15.826Z" },
    { url = "https://files.pythonhosted.org/packages/53/46/457ac94a2a2aaa2ab5c076324dfd7e38e76f36d4d78923c4ddb8c3d93d75/regex-2026.9.3-cp311-cp311-musllinux_1_2_riscv64.whl", hash = "sha256:70082b2a8f099b8bf660b553b22a4b8ffd34fcc09ef154fc6b9c7108518fc124", size = 763172, upload-time = "2026-09-01T00:50:17.682Z" },
    { url = "https://files.pythonhosted.org/packages/66/1c/db145a6ad935cdc6c694381543d53e6e7d7212287d4f8885f965e91ea4a4/regex-2026.9.3-cp311-cp311-musllinux_1_2_s390x.whl", hash = "sha256:f5e8a0ce681ddabf6a35d7b817d74a94ab237ae7233a5b97118db0b4e524473f", size = 844983, upload-time = "2026-09-01T00:50:19.572Z" },
    { url = "https://files.pythonhosted.org/packages/76/00/100346c5cc2384a7ce0adfb7dbb11f4a865c76e3a920fe68542042da66ea/regex-2026.9.3-cp311-cp311-musllinux_1_2_x86_64.whl", hash = "sha256:3367d5eefae493ac2a1586ec11cc8213c3305528ed3f8e19d5c3871cc01da6ce", size = 789532, upload-time = "2026-09-01T00:50:21.142Z" },
    { url = "https://files.pythonhosted.org/packages/39/62/d878c1d3eed2768f19e8b6fa4aa81b0a0e6bc23fa34e64173ef48816844a/regex-2026.9.3-cp311-cp311-win32.whl", hash = "sha256:33d3a772ff62c882a5d1402045e17c0199f33b9b173139071c4203e7e0292420", size = 266766, upload-time = "2026-09-01T00:50:22.863Z" },
    { url = "https://files.pythonhosted.org/packages/e5/da/6a0ac27bacb39aca3452cdd7d1bfc361608ad000cea3e1b0d7dbaa1e2b15/regex-2026.9.3-cp311-cp311-win_amd64.whl", hash = "sha256:8c8a63d55cdf3c716225a2f8741a1df7a52b5fa98ac7530165c9cc9b32feabcc", size = 278007, upload-time = "2026-09-01T00:50:24.597Z" },
    { url = "https://files.pythonhosted.org/packages/d8/a2/b23997814f48f823bcda615764b4fb00d72a5a06bdbb41cafa895ec62428/regex-2026.9.3-cp311-cp311-win_arm64.whl", hash = "sha256:cb6374a84f11a6b25e63aa69ee2d015286048c1efee93c4a3b5b8df62da79ff8", size = 276960, upload-time = "2026-09-01T00:50:26.101Z" },
    { url = "https://files.pythonhosted.org/packages/da/cb/cba530bc3b068fc337f8f455c63ef5ee91a4eb4c76ecf5998e5cef5aaa6b/regex-2026.9.3-cp312-cp312-macosx_10_13_universal2.whl", hash = "sha256:5db80d0b1c8238940b5957dd66b5c818ea40a221f6652fb717c027a562d09c77", size = 496699, upload-time = "2026-09-01T00:50:27.98Z" },
    { url = "https://files.pythonhosted.org/packages/81/39/f2e9fb6bbbc80f8bf67ad79d7e2e8866f7837d7c24c692f7faf8f1272e7e/regex-2026.9.3-cp312-cp312-macosx_10_13_x86_64.whl", hash = "sha256:35d48ce3dee087b63b15cd0a7a3110d0a76c29edbe1f2ad0520b8c4adb7cb596", size = 297018, upload-time = "2026-09-01T00:50:29.487Z" },
    { url = "https://files.pythonhosted.org/packages/a1/b6/c16ee58840baf7659def27ef6f62f3d9a9909670d3c1b4b98bb8b8ee47e2/regex-2026.9.3-cp312-cp312-macosx_11_0_arm64.whl", hash = "sha256:1f22e0d21ae7016c77175c139a7fca465b988efc1280df4816c79752068d9e2e", size = 292008, upload-time = "2026-09-01T00:50:30.929Z" },
    { url = "https://files.pythonhosted.org/packages/cb/b4/4987bf0f17604669b4ea5aef219886d0a73188c4716ff3a7d275d4d15c15/regex-2026.9.3-cp312-cp312-manylinux2014_aarch64.manylinux_2_17_aarch64.manylinux_2_28_aarch64.whl", hash = "sha256:233662cf8cfdfe3c0e58aa8f7bbefc579b5be0ac34546f123c159804179e8687", size = 796101, upload-time = "2026-09-01T00:50:32.486Z" },
    { url = "https://files.pythonhosted.org/packages/0b/95/2a9ab02a68c8a61dc0b4882ed643b1a95740d9dc291dc26c77d19af79691/regex-2026.9.3-cp312-cp312-manylinux2014_ppc64le.manylinux_2_17_ppc64le.manylinux_2_28_ppc64le.whl", hash = "sha256:7d2eed2e4d231278a2ccab3f4bfa2c1e39855f336475f7756a281d767d2b1753", size = 865435, upload-time = "2026-09-01T00:50:34.171Z" },
    { url = "https://files.pythonhosted.org/packages/04/92/0570d41559b446c97c1148cb9ebc1df09f2949b03c7c9bfee09976b3465f/regex-2026.9.3-cp312-cp312-manylinux2014_s390x.manylinux_2_17_s390x.manylinux_2_28_s390x.whl", hash = "sha256:5e674cecb61cb160be392da07fd8a71509ef927f437fbf3215432692ed385151", size = 911828, upload-time = "2026-09-01T00:50:35.72Z" },
    { url = "https://files.pythonhosted.org/packages/4b/8b/9cc6d4123033f7cb82df6cd8ce19eb0fc18a964afe060a03c9b26757c9f3/regex-2026.9.3-cp312-cp312-manylinux2014_x86_64.manylinux_2_17_x86_64.manylinux_2_28_x86_64.whl", hash = "sha256:665207e41bacd435db001099eeab44103197c2c1a729d73ade74688a905ed4ce", size = 801965, upload-time = "2026-09-01T00:50:37.701Z" },
    { url = "https://files.pythonhosted.org/packages/c9/98/39262e91aa87a67c82cbe90a0df4c3d382c7a44811fe80067904085211b4/regex-2026.9.3-cp312-cp312-manylinux_2_31_riscv64.manylinux_2_39_riscv64.whl", hash = "sha256:7a7ddc9a8ca1795166a1ca80364b8ce74187fc210e112d3fb048b711b934f36c", size = 776192, upload-time = "2026-09-01T00:50:39.57Z" },
    { url = "https://files.pythonhosted.org/packages/24/e9/3bb93fe4ee4b6f8ce7ba69b527c4a63cfa3393fc425ab26486041fe441c8/regex-2026.9.3-cp312-cp312-musllinux_1_2_aarch64.whl", hash = "sha256:e3037d02425863ce9501afbaa04ba967162810004bacde39a53ea9a5b740eb32", size = 785053, upload-time = "2026-09-01T00:50:41.156Z" },
    { url = "https://files.pythonhosted.org/packages/f9/05/31d5bc2553a700c0dfc6b5b6a13c61cdcd1210fde1e304cfa18a33f138b2/regex-2026.9.3-cp312-cp312-musllinux_1_2_ppc64le.whl", hash = "sha256:3de4eab8c763393b75bbb26f81934ab2cc8794f48f79e90622e3ab7ea57f3d14", size = 860546, upload-time = "2026-09-01T00:50:42.746Z" },
    { url = "https://files.pythonhosted.org/packages/65/a3/2e1e854d80becda0f061093805bbfc037a5849448f46d0a2b71a070d45e2/regex-2026.9.3-cp312-cp312-musllinux_1_2_riscv64.whl", hash = "sha256:98620c9c4c22568ad70f57b80527c780b6f8fd26e36507bf8e2273262a228275", size = 765841, upload-time = "2026-09-01T00:50:44.5Z" },
    { url = "https://files.pythonhosted.org/packages/6a/d6/43d02948cedde2e8476ac893ea02755ee5ee1b21c531fda92d80e114f0bc/regex-2026.9.3-cp312-cp312-musllinux_1_2_s390x.whl", hash = "sha256:0b1ba3aaaf5776de473ee16625ac60ac195abb0343afb273575a8201d99be089", size = 852147, upload-time = "2026-09-01T00:50:46.474Z" },
    { url = "https://files.pythonhosted.org/packages/21/ff/adb4e2d08afe8f4c6df004d94604257e1f72af7ba328af7715601585aba4/regex-2026.9.3-cp312-cp312-musllinux_1_2_x86_64.whl", hash = "sha256:56d8659c65166641d8f1b5efccc391c62c8a899eff4d528b981cc62b7b402a4b", size = 789761, upload-time = "2026-09-01T00:50:48.749Z" },
    { url = "https://files.pythonhosted.org/packages/c3/e1/1490d1351758e87f6e702cf2025036bdc7bc59182e2ff5c7bec004b19aed/regex-2026.9.3-cp312-cp312-win32.whl", hash = "sha256:837c1859913798d8bebcd98d4a037e113f8d79e81733009bf590e449769eecb3", size = 267150, upload-time = "2026-09-01T00:50:50.414Z" },
    { url = "https://files.pythonhosted.org/packages/d5/49/4c40cf722d84d60e807a08ef4c3f579216bf97df60c4a1b10be49655d302/regex-2026.9.3-cp312-cp312-win_amd64.whl", hash = "sha256:1ba1dbbb93c5c5629c1861763aec5bfa9f05ad24ef450694130e25029ce7bc36", size = 277773, upload-time = "2026-09-01T00:50:51.963Z" },
    { url = "https://files.pythonhosted.org/packages/aa/af/c48b3b2b4244b4b090554c78d3387e9ae7b859f3dbf7148a27d427e9e5b8/regex-2026.9.3-cp312-cp312-win_arm64.whl", hash = "sha256:d7b3a8a4bbd83ad8b29758f5d24bab10a3f2de87970db36f1e3651c733353136", size = 277122, upload-time = "2026-09-01T00:50:53.778Z" },
]
